
Microsoft Visual Studio Solution File, Format Version 12.00
# Visual Studio Version 17
VisualStudioVersion = 17.2.32602.215
MinimumVisualStudioVersion = 10.0.40219.1
Project("{9A19103F-16F7-4668-BE54-9A1E7A4F7556}") = "TalentHunters-BackEnd", "TalentHunters-BackEnd\TalentHunters-BackEnd.csproj", "{05A06CD8-45D5-4A42-AA20-D32BA0446978}"
EndProject
Project("{9A19103F-16F7-4668-BE54-9A1E7A4F7556}") = "talenthunterstests", "talenthunterstests\talenthunterstests.csproj", "{F3A51EA4-F76E-4A74-85C6-E466006DA181}"
EndProject
Project("{54A90642-561A-4BB1-A94E-469ADEE60C69}") = "frontend", "frontend\frontend.esproj", "{9A47C3DE-45B5-4594-8E70-51853682AA7F}"
EndProject
Global
	GlobalSection(SolutionConfigurationPlatforms) = preSolution
		Debug|Any CPU = Debug|Any CPU
		Release|Any CPU = Release|Any CPU
	EndGlobalSection
	GlobalSection(ProjectConfigurationPlatforms) = postSolution
		{05A06CD8-45D5-4A42-AA20-D32BA0446978}.Debug|Any CPU.ActiveCfg = Debug|Any CPU
		{05A06CD8-45D5-4A42-AA20-D32BA0446978}.Debug|Any CPU.Build.0 = Debug|Any CPU
		{05A06CD8-45D5-4A42-AA20-D32BA0446978}.Release|Any CPU.ActiveCfg = Release|Any CPU
		{05A06CD8-45D5-4A42-AA20-D32BA0446978}.Release|Any CPU.Build.0 = Release|Any CPU
		{F3A51EA4-F76E-4A74-85C6-E466006DA181}.Debug|Any CPU.ActiveCfg = Debug|Any CPU
		{F3A51EA4-F76E-4A74-85C6-E466006DA181}.Debug|Any CPU.Build.0 = Debug|Any CPU
		{F3A51EA4-F76E-4A74-85C6-E466006DA181}.Release|Any CPU.ActiveCfg = Release|Any CPU
		{F3A51EA4-F76E-4A74-85C6-E466006DA181}.Release|Any CPU.Build.0 = Release|Any CPU
		{9A47C3DE-45B5-4594-8E70-51853682AA7F}.Debug|Any CPU.ActiveCfg = Debug|Any CPU
		{9A47C3DE-45B5-4594-8E70-51853682AA7F}.Debug|Any CPU.Build.0 = Debug|Any CPU
		{9A47C3DE-45B5-4594-8E70-51853682AA7F}.Debug|Any CPU.Deploy.0 = Debug|Any CPU
		{9A47C3DE-45B5-4594-8E70-51853682AA7F}.Release|Any CPU.ActiveCfg = Release|Any CPU
		{9A47C3DE-45B5-4594-8E70-51853682AA7F}.Release|Any CPU.Build.0 = Release|Any CPU
		{9A47C3DE-45B5-4594-8E70-51853682AA7F}.Release|Any CPU.Deploy.0 = Release|Any CPU
	EndGlobalSection
	GlobalSection(SolutionProperties) = preSolution
		HideSolutionNode = FALSE
	EndGlobalSection
	GlobalSection(ExtensibilityGlobals) = postSolution
		SolutionGuid = {46D619B1-834C-4252-BCCD-D0F9092B06D8}
	EndGlobalSection
EndGlobal
